
Microsoft Visual Studio Solution File, Format Version 12.00
# Visual Studio Version 17
VisualStudioVersion = 17.6.33723.286
MinimumVisualStudioVersion = 10.0.40219.1
Project("{FAE04EC0-301F-11D3-BF4B-00C04F79EFBC}") = "Ex03.ConsoleUI", "Ex03.ConsoleUI\Ex03.ConsoleUI.csproj", "{1865D69D-B092-4CE4-9E61-C652E9395316}"
EndProject
Project("{FAE04EC0-301F-11D3-BF4B-00C04F79EFBC}") = "Ex03.GarageLogic", "Ex03.GarageLogic\Ex03.GarageLogic.csproj", "{A626DD2F-EE9D-42BD-A90F-23232EAB0738}"
EndProject
Global
	GlobalSection(SolutionConfigurationPlatforms) = preSolution
		Debug|Any CPU = Debug|Any CPU
		Release|Any CPU = Release|Any CPU
	EndGlobalSection
	GlobalSection(ProjectConfigurationPlatforms) = postSolution
		{1865D69D-B092-4CE4-9E61-C652E9395316}.Debug|Any CPU.ActiveCfg = Debug|Any CPU
		{1865D69D-B092-4CE4-9E61-C652E9395316}.Debug|Any CPU.Build.0 = Debug|Any CPU
		{1865D69D-B092-4CE4-9E61-C652E9395316}.Release|Any CPU.ActiveCfg = Release|Any CPU
		{1865D69D-B092-4CE4-9E61-C652E9395316}.Release|Any CPU.Build.0 = Release|Any CPU
		{A626DD2F-EE9D-42BD-A90F-23232EAB0738}.Debug|Any CPU.ActiveCfg = Debug|Any CPU
		{A626DD2F-EE9D-42BD-A90F-23232EAB0738}.Debug|Any CPU.Build.0 = Debug|Any CPU
		{A626DD2F-EE9D-42BD-A90F-23232EAB0738}.Release|Any CPU.ActiveCfg = Release|Any CPU
		{A626DD2F-EE9D-42BD-A90F-23232EAB0738}.Release|Any CPU.Build.0 = Release|Any CPU
	EndGlobalSection
	GlobalSection(SolutionProperties) = preSolution
		HideSolutionNode = FALSE
	EndGlobalSection
	GlobalSection(ExtensibilityGlobals) = postSolution
		SolutionGuid = {DF363A66-135B-4F82-B142-548742E81C38}
	EndGlobalSection
EndGlobal
